
Microsoft Visual Studio Solution File, Format Version 12.00
# Visual Studio Version 17
VisualStudioVersion = 17.0.31903.59
MinimumVisualStudioVersion = 10.0.40219.1
Project("{2150E333-8FDC-42A3-9474-1A3956D46DE8}") = "src", "src", "{827E0CD3-B72D-47B6-A68D-7590B98EB39B}"
EndProject
Project("{FAE04EC0-301F-11D3-BF4B-00C04F79EFBC}") = "ShoesShop.Domain", "src\ShoesShop.Domain\ShoesShop.Domain.csproj", "{596F8F4D-9E6C-4BEB-9A5F-D0E191C9721D}"
EndProject
Project("{FAE04EC0-301F-11D3-BF4B-00C04F79EFBC}") = "ShoesShop.Domain.Services", "src\ShoesShop.Domain.Services\ShoesShop.Domain.Services.csproj", "{AF563820-5247-4F57-8EF8-89421D635C81}"
EndProject
Project("{FAE04EC0-301F-11D3-BF4B-00C04F79EFBC}") = "ShoesShop.Infrastructure", "src\ShoesShop.Infrastructure\ShoesShop.Infrastructure.csproj", "{F4AEBCF7-845E-4EE4-8279-5EAB7A1B9C49}"
EndProject
Project("{FAE04EC0-301F-11D3-BF4B-00C04F79EFBC}") = "ShoesShop.Crosscutting", "src\ShoesShop.Crosscutting\ShoesShop.Crosscutting.csproj", "{23DCE552-7974-45DF-8AC8-A0210A3F51AD}"
EndProject
Project("{FAE04EC0-301F-11D3-BF4B-00C04F79EFBC}") = "ShoesShop.Web", "src\ShoesShop.Web\ShoesShop.Web.csproj", "{505126FB-A88C-46EE-85D9-CA80638464EC}"
EndProject
Global
	GlobalSection(SolutionConfigurationPlatforms) = preSolution
		Debug|Any CPU = Debug|Any CPU
		Debug|x64 = Debug|x64
		Debug|x86 = Debug|x86
		Release|Any CPU = Release|Any CPU
		Release|x64 = Release|x64
		Release|x86 = Release|x86
	EndGlobalSection
	GlobalSection(ProjectConfigurationPlatforms) = postSolution
		{596F8F4D-9E6C-4BEB-9A5F-D0E191C9721D}.Debug|Any CPU.ActiveCfg = Debug|Any CPU
		{596F8F4D-9E6C-4BEB-9A5F-D0E191C9721D}.Debug|Any CPU.Build.0 = Debug|Any CPU
		{596F8F4D-9E6C-4BEB-9A5F-D0E191C9721D}.Debug|x64.ActiveCfg = Debug|Any CPU
		{596F8F4D-9E6C-4BEB-9A5F-D0E191C9721D}.Debug|x64.Build.0 = Debug|Any CPU
		{596F8F4D-9E6C-4BEB-9A5F-D0E191C9721D}.Debug|x86.ActiveCfg = Debug|Any CPU
		{596F8F4D-9E6C-4BEB-9A5F-D0E191C9721D}.Debug|x86.Build.0 = Debug|Any CPU
		{596F8F4D-9E6C-4BEB-9A5F-D0E191C9721D}.Release|Any CPU.ActiveCfg = Release|Any CPU
		{596F8F4D-9E6C-4BEB-9A5F-D0E191C9721D}.Release|Any CPU.Build.0 = Release|Any CPU
		{596F8F4D-9E6C-4BEB-9A5F-D0E191C9721D}.Release|x64.ActiveCfg = Release|Any CPU
		{596F8F4D-9E6C-4BEB-9A5F-D0E191C9721D}.Release|x64.Build.0 = Release|Any CPU
		{596F8F4D-9E6C-4BEB-9A5F-D0E191C9721D}.Release|x86.ActiveCfg = Release|Any CPU
		{596F8F4D-9E6C-4BEB-9A5F-D0E191C9721D}.Release|x86.Build.0 = Release|Any CPU
		{AF563820-5247-4F57-8EF8-89421D635C81}.Debug|Any CPU.ActiveCfg = Debug|Any CPU
		{AF563820-5247-4F57-8EF8-89421D635C81}.Debug|Any CPU.Build.0 = Debug|Any CPU
		{AF563820-5247-4F57-8EF8-89421D635C81}.Debug|x64.ActiveCfg = Debug|Any CPU
		{AF563820-5247-4F57-8EF8-89421D635C81}.Debug|x64.Build.0 = Debug|Any CPU
		{AF563820-5247-4F57-8EF8-89421D635C81}.Debug|x86.ActiveCfg = Debug|Any CPU
		{AF563820-5247-4F57-8EF8-89421D635C81}.Debug|x86.Build.0 = Debug|Any CPU
		{AF563820-5247-4F57-8EF8-89421D635C81}.Release|Any CPU.ActiveCfg = Release|Any CPU
		{AF563820-5247-4F57-8EF8-89421D635C81}.Release|Any CPU.Build.0 = Release|Any CPU
		{AF563820-5247-4F57-8EF8-89421D635C81}.Release|x64.ActiveCfg = Release|Any CPU
		{AF563820-5247-4F57-8EF8-89421D635C81}.Release|x64.Build.0 = Release|Any CPU
		{AF563820-5247-4F57-8EF8-89421D635C81}.Release|x86.ActiveCfg = Release|Any CPU
		{AF563820-5247-4F57-8EF8-89421D635C81}.Release|x86.Build.0 = Release|Any CPU
		{F4AEBCF7-845E-4EE4-8279-5EAB7A1B9C49}.Debug|Any CPU.ActiveCfg = Debug|Any CPU
		{F4AEBCF7-845E-4EE4-8279-5EAB7A1B9C49}.Debug|Any CPU.Build.0 = Debug|Any CPU
		{F4AEBCF7-845E-4EE4-8279-5EAB7A1B9C49}.Debug|x64.ActiveCfg = Debug|Any CPU
		{F4AEBCF7-845E-4EE4-8279-5EAB7A1B9C49}.Debug|x64.Build.0 = Debug|Any CPU
		{F4AEBCF7-845E-4EE4-8279-5EAB7A1B9C49}.Debug|x86.ActiveCfg = Debug|Any CPU
		{F4AEBCF7-845E-4EE4-8279-5EAB7A1B9C49}.Debug|x86.Build.0 = Debug|Any CPU
		{F4AEBCF7-845E-4EE4-8279-5EAB7A1B9C49}.Release|Any CPU.ActiveCfg = Release|Any CPU
		{F4AEBCF7-845E-4EE4-8279-5EAB7A1B9C49}.Release|Any CPU.Build.0 = Release|Any CPU
		{F4AEBCF7-845E-4EE4-8279-5EAB7A1B9C49}.Release|x64.ActiveCfg = Release|Any CPU
		{F4AEBCF7-845E-4EE4-8279-5EAB7A1B9C49}.Release|x64.Build.0 = Release|Any CPU
		{F4AEBCF7-845E-4EE4-8279-5EAB7A1B9C49}.Release|x86.ActiveCfg = Release|Any CPU
		{F4AEBCF7-845E-4EE4-8279-5EAB7A1B9C49}.Release|x86.Build.0 = Release|Any CPU
		{23DCE552-7974-45DF-8AC8-A0210A3F51AD}.Debug|Any CPU.ActiveCfg = Debug|Any CPU
		{23DCE552-7974-45DF-8AC8-A0210A3F51AD}.Debug|Any CPU.Build.0 = Debug|Any CPU
		{23DCE552-7974-45DF-8AC8-A0210A3F51AD}.Debug|x64.ActiveCfg = Debug|Any CPU
		{23DCE552-7974-45DF-8AC8-A0210A3F51AD}.Debug|x64.Build.0 = Debug|Any CPU
		{23DCE552-7974-45DF-8AC8-A0210A3F51AD}.Debug|x86.ActiveCfg = Debug|Any CPU
		{23DCE552-7974-45DF-8AC8-A0210A3F51AD}.Debug|x86.Build.0 = Debug|Any CPU
		{23DCE552-7974-45DF-8AC8-A0210A3F51AD}.Release|Any CPU.ActiveCfg = Release|Any CPU
		{23DCE552-7974-45DF-8AC8-A0210A3F51AD}.Release|Any CPU.Build.0 = Release|Any CPU
		{23DCE552-7974-45DF-8AC8-A0210A3F51AD}.Release|x64.ActiveCfg = Release|Any CPU
		{23DCE552-7974-45DF-8AC8-A0210A3F51AD}.Release|x64.Build.0 = Release|Any CPU
		{23DCE552-7974-45DF-8AC8-A0210A3F51AD}.Release|x86.ActiveCfg = Release|Any CPU
		{23DCE552-7974-45DF-8AC8-A0210A3F51AD}.Release|x86.Build.0 = Release|Any CPU
		{505126FB-A88C-46EE-85D9-CA80638464EC}.Debug|Any CPU.ActiveCfg = Debug|Any CPU
		{505126FB-A88C-46EE-85D9-CA80638464EC}.Debug|Any CPU.Build.0 = Debug|Any CPU
		{505126FB-A88C-46EE-85D9-CA80638464EC}.Debug|x64.ActiveCfg = Debug|Any CPU
		{505126FB-A88C-46EE-85D9-CA80638464EC}.Debug|x64.Build.0 = Debug|Any CPU
		{505126FB-A88C-46EE-85D9-CA80638464EC}.Debug|x86.ActiveCfg = Debug|Any CPU
		{505126FB-A88C-46EE-85D9-CA80638464EC}.Debug|x86.Build.0 = Debug|Any CPU
		{505126FB-A88C-46EE-85D9-CA80638464EC}.Release|Any CPU.ActiveCfg = Release|Any CPU
		{505126FB-A88C-46EE-85D9-CA80638464EC}.Release|Any CPU.Build.0 = Release|Any CPU
		{505126FB-A88C-46EE-85D9-CA80638464EC}.Release|x64.ActiveCfg = Release|Any CPU
		{505126FB-A88C-46EE-85D9-CA80638464EC}.Release|x64.Build.0 = Release|Any CPU
		{505126FB-A88C-46EE-85D9-CA80638464EC}.Release|x86.ActiveCfg = Release|Any CPU
		{505126FB-A88C-46EE-85D9-CA80638464EC}.Release|x86.Build.0 = Release|Any CPU
	EndGlobalSection
	GlobalSection(SolutionProperties) = preSolution
		HideSolutionNode = FALSE
	EndGlobalSection
	GlobalSection(NestedProjects) = preSolution
		{596F8F4D-9E6C-4BEB-9A5F-D0E191C9721D} = {827E0CD3-B72D-47B6-A68D-7590B98EB39B}
		{AF563820-5247-4F57-8EF8-89421D635C81} = {827E0CD3-B72D-47B6-A68D-7590B98EB39B}
		{F4AEBCF7-845E-4EE4-8279-5EAB7A1B9C49} = {827E0CD3-B72D-47B6-A68D-7590B98EB39B}
		{23DCE552-7974-45DF-8AC8-A0210A3F51AD} = {827E0CD3-B72D-47B6-A68D-7590B98EB39B}
		{505126FB-A88C-46EE-85D9-CA80638464EC} = {827E0CD3-B72D-47B6-A68D-7590B98EB39B}
	EndGlobalSection
EndGlobal
